PODS:
  - fl_location (0.0.1):
    - Flutter
  - Flutter (1.0.0)
  - flutter_activity_recognition (0.0.1):
    - Flutter
  - geofence_service (0.0.1):
    - Flutter
  - "otp_pin_field (1.2.0+2)":
    - Flutter

DEPENDENCIES:
  - fl_location (from `.symlinks/plugins/fl_location/ios`)
  - Flutter (from `Flutter`)
  - flutter_activity_recognition (from `.symlinks/plugins/flutter_activity_recognition/ios`)
  - geofence_service (from `.symlinks/plugins/geofence_service/ios`)
  - otp_pin_field (from `.symlinks/plugins/otp_pin_field/ios`)

EXTERNAL SOURCES:
  fl_location:
    :path: ".symlinks/plugins/fl_location/ios"
  Flutter:
    :path: Flutter
  flutter_activity_recognition:
    :path: ".symlinks/plugins/flutter_activity_recognition/ios"
  geofence_service:
    :path: ".symlinks/plugins/geofence_service/ios"
  otp_pin_field:
    :path: ".symlinks/plugins/otp_pin_field/ios"

SPEC CHECKSUMS:
  fl_location: df295f3fd4f3c2357d7d8f23b01b0c23f4c84e4e
  Flutter: cabc95a1d2626b1b06e7179b784ebcf0c0cde467
  flutter_activity_recognition: 52dfad4c1e9cec99f0841b3ed0efcc9d424b3deb
  geofence_service: 55b58292760f0f491e22b6b91355aab40564cfad
  otp_pin_field: d7876d051dc3061287d586940de50e9c7012069d

PODFILE CHECKSUM: e30f02f9d1c72c47bb6344a0a748c9d268180865

COCOAPODS: 1.16.2
